
Microsoft Visual Studio Solution File, Format Version 12.00
# Visual Studio Version 17
VisualStudioVersion = 17.2.32616.157
MinimumVisualStudioVersion = 10.0.40219.1
Project("{2150E333-8FDC-42A3-9474-1A3956D46DE8}") = "libs", "libs", "{78D54D2E-CAD6-4D50-AF7A-8B726DE45BB6}"
EndProject
Project("{2150E333-8FDC-42A3-9474-1A3956D46DE8}") = "insights", "insights", "{429472C8-6367-4D7E-BAA9-9777B5E947B5}"
EndProject
Project("{9A19103F-16F7-4668-BE54-9A1E7A4F7556}") = "FastEnum.Core", "libs\FastEnum.Core\FastEnum.Core.csproj", "{FC06470B-CBD5-43BE-A693-5067B9824ED7}"
EndProject
Project("{9A19103F-16F7-4668-BE54-9A1E7A4F7556}") = "FastEnum.UnitTests", "insights\FastEnum.UnitTests\FastEnum.UnitTests.csproj", "{5AB24F2C-0D43-4E01-8A3B-22FB18CD686A}"
EndProject
Project("{9A19103F-16F7-4668-BE54-9A1E7A4F7556}") = "FastEnum.Benchmarks", "insights\FastEnum.Benchmarks\FastEnum.Benchmarks.csproj", "{BB79F08A-A949-4DA3-BEAA-F7F70F8F4D94}"
EndProject
Project("{9A19103F-16F7-4668-BE54-9A1E7A4F7556}") = "FastEnum.Generators", "libs\FastEnum.Generators\FastEnum.Generators.csproj", "{624C6F37-9FA7-4BC9-8307-15AB6360302B}"
EndProject
Project("{9A19103F-16F7-4668-BE54-9A1E7A4F7556}") = "FastEnum.Sandbox", "insights\FastEnum.Sandbox\FastEnum.Sandbox.csproj", "{0602FACB-03F4-4688-8EAA-189419FE1ECD}"
EndProject
Global
	GlobalSection(SolutionConfigurationPlatforms) = preSolution
		Debug|Any CPU = Debug|Any CPU
		Release|Any CPU = Release|Any CPU
	EndGlobalSection
	GlobalSection(ProjectConfigurationPlatforms) = postSolution
		{FC06470B-CBD5-43BE-A693-5067B9824ED7}.Debug|Any CPU.ActiveCfg = Debug|Any CPU
		{FC06470B-CBD5-43BE-A693-5067B9824ED7}.Debug|Any CPU.Build.0 = Debug|Any CPU
		{FC06470B-CBD5-43BE-A693-5067B9824ED7}.Release|Any CPU.ActiveCfg = Release|Any CPU
		{FC06470B-CBD5-43BE-A693-5067B9824ED7}.Release|Any CPU.Build.0 = Release|Any CPU
		{5AB24F2C-0D43-4E01-8A3B-22FB18CD686A}.Debug|Any CPU.ActiveCfg = Debug|Any CPU
		{5AB24F2C-0D43-4E01-8A3B-22FB18CD686A}.Debug|Any CPU.Build.0 = Debug|Any CPU
		{5AB24F2C-0D43-4E01-8A3B-22FB18CD686A}.Release|Any CPU.ActiveCfg = Release|Any CPU
		{5AB24F2C-0D43-4E01-8A3B-22FB18CD686A}.Release|Any CPU.Build.0 = Release|Any CPU
		{BB79F08A-A949-4DA3-BEAA-F7F70F8F4D94}.Debug|Any CPU.ActiveCfg = Debug|Any CPU
		{BB79F08A-A949-4DA3-BEAA-F7F70F8F4D94}.Debug|Any CPU.Build.0 = Debug|Any CPU
		{BB79F08A-A949-4DA3-BEAA-F7F70F8F4D94}.Release|Any CPU.ActiveCfg = Release|Any CPU
		{BB79F08A-A949-4DA3-BEAA-F7F70F8F4D94}.Release|Any CPU.Build.0 = Release|Any CPU
		{624C6F37-9FA7-4BC9-8307-15AB6360302B}.Debug|Any CPU.ActiveCfg = Debug|Any CPU
		{624C6F37-9FA7-4BC9-8307-15AB6360302B}.Debug|Any CPU.Build.0 = Debug|Any CPU
		{624C6F37-9FA7-4BC9-8307-15AB6360302B}.Release|Any CPU.ActiveCfg = Release|Any CPU
		{624C6F37-9FA7-4BC9-8307-15AB6360302B}.Release|Any CPU.Build.0 = Release|Any CPU
		{0602FACB-03F4-4688-8EAA-189419FE1ECD}.Debug|Any CPU.ActiveCfg = Debug|Any CPU
		{0602FACB-03F4-4688-8EAA-189419FE1ECD}.Debug|Any CPU.Build.0 = Debug|Any CPU
		{0602FACB-03F4-4688-8EAA-189419FE1ECD}.Release|Any CPU.ActiveCfg = Release|Any CPU
		{0602FACB-03F4-4688-8EAA-189419FE1ECD}.Release|Any CPU.Build.0 = Release|Any CPU
	EndGlobalSection
	GlobalSection(SolutionProperties) = preSolution
		HideSolutionNode = FALSE
	EndGlobalSection
	GlobalSection(NestedProjects) = preSolution
		{FC06470B-CBD5-43BE-A693-5067B9824ED7} = {78D54D2E-CAD6-4D50-AF7A-8B726DE45BB6}
		{5AB24F2C-0D43-4E01-8A3B-22FB18CD686A} = {429472C8-6367-4D7E-BAA9-9777B5E947B5}
		{BB79F08A-A949-4DA3-BEAA-F7F70F8F4D94} = {429472C8-6367-4D7E-BAA9-9777B5E947B5}
		{624C6F37-9FA7-4BC9-8307-15AB6360302B} = {78D54D2E-CAD6-4D50-AF7A-8B726DE45BB6}
		{0602FACB-03F4-4688-8EAA-189419FE1ECD} = {429472C8-6367-4D7E-BAA9-9777B5E947B5}
	EndGlobalSection
	GlobalSection(ExtensibilityGlobals) = postSolution
		SolutionGuid = {62660904-8CA1-42C2-B709-FDCD0530AF5C}
	EndGlobalSection
EndGlobal
