
Microsoft Visual Studio Solution File, Format Version 12.00
# Visual Studio Version 17
VisualStudioVersion = 17.2.32616.157
MinimumVisualStudioVersion = 10.0.40219.1
Project("{9A19103F-16F7-4668-BE54-9A1E7A4F7556}") = "FastEnum", "FastEnum\FastEnum.csproj", "{B03323B8-DB71-44EA-9D25-1B6C66FE693B}"
EndProject
Project("{9A19103F-16F7-4668-BE54-9A1E7A4F7556}") = "UnitTests", "UnitTests\UnitTests.csproj", "{72240F1D-8B39-4100-BB21-2E9B6E7107B0}"
EndProject
Project("{9A19103F-16F7-4668-BE54-9A1E7A4F7556}") = "Benchmarks", "Benchmarks\Benchmarks.csproj", "{816A9EA3-2C9B-4161-B804-632BD4C529D6}"
EndProject
Global
	GlobalSection(SolutionConfigurationPlatforms) = preSolution
		Debug|Any CPU = Debug|Any CPU
		Release|Any CPU = Release|Any CPU
	EndGlobalSection
	GlobalSection(ProjectConfigurationPlatforms) = postSolution
		{B03323B8-DB71-44EA-9D25-1B6C66FE693B}.Debug|Any CPU.ActiveCfg = Debug|Any CPU
		{B03323B8-DB71-44EA-9D25-1B6C66FE693B}.Debug|Any CPU.Build.0 = Debug|Any CPU
		{B03323B8-DB71-44EA-9D25-1B6C66FE693B}.Release|Any CPU.ActiveCfg = Release|Any CPU
		{B03323B8-DB71-44EA-9D25-1B6C66FE693B}.Release|Any CPU.Build.0 = Release|Any CPU
		{72240F1D-8B39-4100-BB21-2E9B6E7107B0}.Debug|Any CPU.ActiveCfg = Debug|Any CPU
		{72240F1D-8B39-4100-BB21-2E9B6E7107B0}.Debug|Any CPU.Build.0 = Debug|Any CPU
		{72240F1D-8B39-4100-BB21-2E9B6E7107B0}.Release|Any CPU.ActiveCfg = Release|Any CPU
		{72240F1D-8B39-4100-BB21-2E9B6E7107B0}.Release|Any CPU.Build.0 = Release|Any CPU
		{816A9EA3-2C9B-4161-B804-632BD4C529D6}.Debug|Any CPU.ActiveCfg = Debug|Any CPU
		{816A9EA3-2C9B-4161-B804-632BD4C529D6}.Debug|Any CPU.Build.0 = Debug|Any CPU
		{816A9EA3-2C9B-4161-B804-632BD4C529D6}.Release|Any CPU.ActiveCfg = Release|Any CPU
		{816A9EA3-2C9B-4161-B804-632BD4C529D6}.Release|Any CPU.Build.0 = Release|Any CPU
	EndGlobalSection
	GlobalSection(SolutionProperties) = preSolution
		HideSolutionNode = FALSE
	EndGlobalSection
	GlobalSection(ExtensibilityGlobals) = postSolution
		SolutionGuid = {62660904-8CA1-42C2-B709-FDCD0530AF5C}
	EndGlobalSection
EndGlobal
